# This file is automatically @generated by Cargo.
# It is not intended for manual editing.
version = 4

[[package]]
name = "tracewake-content"
version = "0.1.0"
dependencies = [
 "tracewake-core",
]

[[package]]
name = "tracewake-core"
version = "0.1.0"

[[package]]
name = "tracewake-tui"
version = "0.1.0"
dependencies = [
 "tracewake-content",
 "tracewake-core",
]
